// !$*UTF8*$!
{
	archiveVersion = 1;
	classes = {
	};
	objectVersion = 55;
	objects = {

/* Begin PBXBuildFile section */
		0D06067028230B18009DCF51 /* GoogleSignIn in Frameworks */ = {isa = PBXBuildFile; productRef = 0D06066F28230B18009DCF51 /* GoogleSignIn */; };
		0D060676282310B7009DCF51 /* HomeView.swift in Sources */ = {isa = PBXBuildFile; fileRef = 0D060675282310B7009DCF51 /* HomeView.swift */; };
		0D06067828231E01009DCF51 /* CategoriesModel.swift in Sources */ = {isa = PBXBuildFile; fileRef = 0D06067728231E01009DCF51 /* CategoriesModel.swift */; };
		0D06067A28231FD0009DCF51 /* ColorExtention.swift in Sources */ = {isa = PBXBuildFile; fileRef = 0D06067928231FD0009DCF51 /* ColorExtention.swift */; };
		0D06067C2823D0C1009DCF51 /* HomeViewModel.swift in Sources */ = {isa = PBXBuildFile; fileRef = 0D06067B2823D0C1009DCF51 /* HomeViewModel.swift */; };
		0D0606822823E1BB009DCF51 /* Tabs.swift in Sources */ = {isa = PBXBuildFile; fileRef = 0D0606812823E1BB009DCF51 /* Tabs.swift */; };
		0D0606842823E2E7009DCF51 /* EventItemView.swift in Sources */ = {isa = PBXBuildFile; fileRef = 0D0606832823E2E7009DCF51 /* EventItemView.swift */; };
		0D06068C2823F304009DCF51 /* Event.swift in Sources */ = {isa = PBXBuildFile; fileRef = 0D06068B2823F304009DCF51 /* Event.swift */; };
		0D06069128243B71009DCF51 /* EventDetailView.swift in Sources */ = {isa = PBXBuildFile; fileRef = 0D06069028243B71009DCF51 /* EventDetailView.swift */; };
		0D06069428244596009DCF51 /* DateExtention.swift in Sources */ = {isa = PBXBuildFile; fileRef = 0D06069328244595009DCF51 /* DateExtention.swift */; };
		0D1351CB281ADE7A009601AE /* AuthMainButton.swift in Sources */ = {isa = PBXBuildFile; fileRef = 0D1351CA281ADE7A009601AE /* AuthMainButton.swift */; };
		0D1351CD281AE1BB009601AE /* SignWithMedia.swift in Sources */ = {isa = PBXBuildFile; fileRef = 0D1351CC281AE1BB009601AE /* SignWithMedia.swift */; };
		0D1351CF281AE9A3009601AE /* SignUpView.swift in Sources */ = {isa = PBXBuildFile; fileRef = 0D1351CE281AE9A3009601AE /* SignUpView.swift */; };
		0D1351D1281AEAB2009601AE /* ResetPassword.swift in Sources */ = {isa = PBXBuildFile; fileRef = 0D1351D0281AEAB2009601AE /* ResetPassword.swift */; };
		0D22ED5D2819B1A700CE6DD8 /* EventHubApp.swift in Sources */ = {isa = PBXBuildFile; fileRef = 0D22ED5C2819B1A700CE6DD8 /* EventHubApp.swift */; };
		0D22ED5F2819B1A700CE6DD8 /* ContentView.swift in Sources */ = {isa = PBXBuildFile; fileRef = 0D22ED5E2819B1A700CE6DD8 /* ContentView.swift */; };
		0D22ED612819B1A900CE6DD8 /* Assets.xcassets in Resources */ = {isa = PBXBuildFile; fileRef = 0D22ED602819B1A900CE6DD8 /* Assets.xcassets */; };
		0D22ED642819B1A900CE6DD8 /* Preview Assets.xcassets in Resources */ = {isa = PBXBuildFile; fileRef = 0D22ED632819B1A900CE6DD8 /* Preview Assets.xcassets */; };
		0D22ED662819B1A900CE6DD8 /* Persistence.swift in Sources */ = {isa = PBXBuildFile; fileRef = 0D22ED652819B1A900CE6DD8 /* Persistence.swift */; };
		0D22ED692819B1A900CE6DD8 /* EventHub.xcdatamodeld in Sources */ = {isa = PBXBuildFile; fileRef = 0D22ED672819B1A900CE6DD8 /* EventHub.xcdatamodeld */; };
		0D22ED732819B24000CE6DD8 /* InitView.swift in Sources */ = {isa = PBXBuildFile; fileRef = 0D22ED722819B24000CE6DD8 /* InitView.swift */; };
		0D22ED752819B43300CE6DD8 /* SignInView.swift in Sources */ = {isa = PBXBuildFile; fileRef = 0D22ED742819B43300CE6DD8 /* SignInView.swift */; };
		0D22ED782819B78500CE6DD8 /* StrokeStyle.swift in Sources */ = {isa = PBXBuildFile; fileRef = 0D22ED772819B78500CE6DD8 /* StrokeStyle.swift */; };
		0D22ED7B2819B9C300CE6DD8 /* CustomField.swift in Sources */ = {isa = PBXBuildFile; fileRef = 0D22ED7A2819B9C300CE6DD8 /* CustomField.swift */; };
		0D272934282A7C7F00D76429 /* ProfileService.swift in Sources */ = {isa = PBXBuildFile; fileRef = 0D272933282A7C7F00D76429 /* ProfileService.swift */; };
		0D272940282AF48500D76429 /* AnimateTextExtention.swift in Sources */ = {isa = PBXBuildFile; fileRef = 0D27293F282AF48500D76429 /* AnimateTextExtention.swift */; };
		0D33AB92282597A300D34622 /* CreateNewEventDetail.swift in Sources */ = {isa = PBXBuildFile; fileRef = 0D33AB91282597A300D34622 /* CreateNewEventDetail.swift */; };
		0D33AB94282598DE00D34622 /* CreateNewEventModel.swift in Sources */ = {isa = PBXBuildFile; fileRef = 0D33AB93282598DE00D34622 /* CreateNewEventModel.swift */; };
		0D33ABA02825B6FB00D34622 /* ProfileView.swift in Sources */ = {isa = PBXBuildFile; fileRef = 0D33AB9F2825B6FB00D34622 /* ProfileView.swift */; };
		0D33ABA22826A43900D34622 /* AnimatedBlobView.swift in Sources */ = {isa = PBXBuildFile; fileRef = 0D33ABA12826A43900D34622 /* AnimatedBlobView.swift */; };
		0D33ABA42826A46500D34622 /* HexagonView.swift in Sources */ = {isa = PBXBuildFile; fileRef = 0D33ABA32826A46500D34622 /* HexagonView.swift */; };
		0D33ABA62826A8AF00D34622 /* FirebaseStorage in Frameworks */ = {isa = PBXBuildFile; productRef = 0D33ABA52826A8AF00D34622 /* FirebaseStorage */; };
		0D33ABA82826A99900D34622 /* ImagePicker.swift in Sources */ = {isa = PBXBuildFile; fileRef = 0D33ABA72826A99900D34622 /* ImagePicker.swift */; };
		0D8CDF2B2826ADBB00E12370 /* ImageExtention.swift in Sources */ = {isa = PBXBuildFile; fileRef = 0D8CDF2A2826ADBB00E12370 /* ImageExtention.swift */; };
		0D8CDF2D2826EB3A00E12370 /* ProfileButton.swift in Sources */ = {isa = PBXBuildFile; fileRef = 0D8CDF2C2826EB3A00E12370 /* ProfileButton.swift */; };
		0D8CDF2F2826F6F800E12370 /* ProfileViewModel.swift in Sources */ = {isa = PBXBuildFile; fileRef = 0D8CDF2E2826F6F800E12370 /* ProfileViewModel.swift */; };
		0D8CDF312827FE6B00E12370 /* MockData.swift in Sources */ = {isa = PBXBuildFile; fileRef = 0D8CDF302827FE6B00E12370 /* MockData.swift */; };
		0D8CDF332828169F00E12370 /* Profile.swift in Sources */ = {isa = PBXBuildFile; fileRef = 0D8CDF322828169F00E12370 /* Profile.swift */; };
		0D8CDF35282818B600E12370 /* FirebaseFirestoreSwift-Beta in Frameworks */ = {isa = PBXBuildFile; productRef = 0D8CDF34282818B600E12370 /* FirebaseFirestoreSwift-Beta */; };
		0DC959CD282975ED00B3989E /* FirebaseDatabaseSwift-Beta in Frameworks */ = {isa = PBXBuildFile; productRef = 0DC959CC282975ED00B3989E /* FirebaseDatabaseSwift-Beta */; };
		0DC959D2282985C500B3989E /* EventService.swift in Sources */ = {isa = PBXBuildFile; fileRef = 0DC959D1282985C500B3989E /* EventService.swift */; };
		0DDDBD07281B00A000C49C90 /* AuthBackground.swift in Sources */ = {isa = PBXBuildFile; fileRef = 0DDDBD06281B00A000C49C90 /* AuthBackground.swift */; };
		0DF2DB0F281C52E20027E8A6 /* FirebaseAuth in Frameworks */ = {isa = PBXBuildFile; productRef = 0DF2DB0E281C52E20027E8A6 /* FirebaseAuth */; };
		0DF2DB11281C52E20027E8A6 /* FirebaseDatabase in Frameworks */ = {isa = PBXBuildFile; productRef = 0DF2DB10281C52E20027E8A6 /* FirebaseDatabase */; };
		0DF2DB13281C52E20027E8A6 /* FirebaseFirestore in Frameworks */ = {isa = PBXBuildFile; productRef = 0DF2DB12281C52E20027E8A6 /* FirebaseFirestore */; };
		0DF2DB16281C5F130027E8A6 /* FirebaseAuthCombine-Community in Frameworks */ = {isa = PBXBuildFile; productRef = 0DF2DB15281C5F130027E8A6 /* FirebaseAuthCombine-Community */; };
		0DF2DB1A281C62FE0027E8A6 /* AuthViewModel.swift in Sources */ = {isa = PBXBuildFile; fileRef = 0DF2DB19281C62FE0027E8A6 /* AuthViewModel.swift */; };
		0DF67268281C4CFD00BE2AEF /* GoogleService-Info.plist in Resources */ = {isa = PBXBuildFile; fileRef = 0DF67267281C4CFD00BE2AEF /* GoogleService-Info.plist */; };
/* End PBXBuildFile section */

/* Begin PBXFileReference section */
		0D06067128230B4C009DCF51 /* Info.plist */ = {isa = PBXFileReference; lastKnownFileType = text.plist; path = Info.plist; sourceTree = "<group>"; };
		0D060675282310B7009DCF51 /* HomeView.swift */ = {isa = PBXFileReference; lastKnownFileType = sourcecode.swift; path = HomeView.swift; sourceTree = "<group>"; };
		0D06067728231E01009DCF51 /* CategoriesModel.swift */ = {isa = PBXFileReference; lastKnownFileType = sourcecode.swift; path = CategoriesModel.swift; sourceTree = "<group>"; };
		0D06067928231FD0009DCF51 /* ColorExtention.swift */ = {isa = PBXFileReference; lastKnownFileType = sourcecode.swift; path = ColorExtention.swift; sourceTree = "<group>"; };
		0D06067B2823D0C1009DCF51 /* HomeViewModel.swift */ = {isa = PBXFileReference; lastKnownFileType = sourcecode.swift; path = HomeViewModel.swift; sourceTree = "<group>"; };
		0D0606812823E1BB009DCF51 /* Tabs.swift */ = {isa = PBXFileReference; lastKnownFileType = sourcecode.swift; path = Tabs.swift; sourceTree = "<group>"; };
		0D0606832823E2E7009DCF51 /* EventItemView.swift */ = {isa = PBXFileReference; lastKnownFileType = sourcecode.swift; path = EventItemView.swift; sourceTree = "<group>"; };
		0D06068B2823F304009DCF51 /* Event.swift */ = {isa = PBXFileReference; lastKnownFileType = sourcecode.swift; path = Event.swift; sourceTree = "<group>"; };
		0D06069028243B71009DCF51 /* EventDetailView.swift */ = {isa = PBXFileReference; lastKnownFileType = sourcecode.swift; path = EventDetailView.swift; sourceTree = "<group>"; };
		0D06069328244595009DCF51 /* DateExtention.swift */ = {isa = PBXFileReference; lastKnownFileType = sourcecode.swift; path = DateExtention.swift; sourceTree = "<group>"; };
		0D1351CA281ADE7A009601AE /* AuthMainButton.swift */ = {isa = PBXFileReference; lastKnownFileType = sourcecode.swift; path = AuthMainButton.swift; sourceTree = "<group>"; };
		0D1351CC281AE1BB009601AE /* SignWithMedia.swift */ = {isa = PBXFileReference; lastKnownFileType = sourcecode.swift; path = SignWithMedia.swift; sourceTree = "<group>"; };
		0D1351CE281AE9A3009601AE /* SignUpView.swift */ = {isa = PBXFileReference; lastKnownFileType = sourcecode.swift; path = SignUpView.swift; sourceTree = "<group>"; };
		0D1351D0281AEAB2009601AE /* ResetPassword.swift */ = {isa = PBXFileReference; lastKnownFileType = sourcecode.swift; path = ResetPassword.swift; sourceTree = "<group>"; };
		0D22ED592819B1A700CE6DD8 /* EventHub.app */ = {isa = PBXFileReference; explicitFileType = wrapper.application; includeInIndex = 0; path = EventHub.app; sourceTree = BUILT_PRODUCTS_DIR; };
		0D22ED5C2819B1A700CE6DD8 /* EventHubApp.swift */ = {isa = PBXFileReference; lastKnownFileType = sourcecode.swift; path = EventHubApp.swift; sourceTree = "<group>"; };
		0D22ED5E2819B1A700CE6DD8 /* ContentView.swift */ = {isa = PBXFileReference; lastKnownFileType = sourcecode.swift; path = ContentView.swift; sourceTree = "<group>"; };
		0D22ED602819B1A900CE6DD8 /* Assets.xcassets */ = {isa = PBXFileReference; lastKnownFileType = folder.assetcatalog; path = Assets.xcassets; sourceTree = "<group>"; };
		0D22ED632819B1A900CE6DD8 /* Preview Assets.xcassets */ = {isa = PBXFileReference; lastKnownFileType = folder.assetcatalog; path = "Preview Assets.xcassets"; sourceTree = "<group>"; };
		0D22ED652819B1A900CE6DD8 /* Persistence.swift */ = {isa = PBXFileReference; lastKnownFileType = sourcecode.swift; path = Persistence.swift; sourceTree = "<group>"; };
		0D22ED682819B1A900CE6DD8 /* EventHub.xcdatamodel */ = {isa = PBXFileReference; lastKnownFileType = wrapper.xcdatamodel; path = EventHub.xcdatamodel; sourceTree = "<group>"; };
		0D22ED722819B24000CE6DD8 /* InitView.swift */ = {isa = PBXFileReference; lastKnownFileType = sourcecode.swift; path = InitView.swift; sourceTree = "<group>"; };
		0D22ED742819B43300CE6DD8 /* SignInView.swift */ = {isa = PBXFileReference; lastKnownFileType = sourcecode.swift; path = SignInView.swift; sourceTree = "<group>"; };
		0D22ED772819B78500CE6DD8 /* StrokeStyle.swift */ = {isa = PBXFileReference; lastKnownFileType = sourcecode.swift; path = StrokeStyle.swift; sourceTree = "<group>"; };
		0D22ED7A2819B9C300CE6DD8 /* CustomField.swift */ = {isa = PBXFileReference; lastKnownFileType = sourcecode.swift; path = CustomField.swift; sourceTree = "<group>"; };
		0D272933282A7C7F00D76429 /* ProfileService.swift */ = {isa = PBXFileReference; lastKnownFileType = sourcecode.swift; path = ProfileService.swift; sourceTree = "<group>"; };
		0D27293F282AF48500D76429 /* AnimateTextExtention.swift */ = {isa = PBXFileReference; lastKnownFileType = sourcecode.swift; path = AnimateTextExtention.swift; sourceTree = "<group>"; };
		0D33AB91282597A300D34622 /* CreateNewEventDetail.swift */ = {isa = PBXFileReference; lastKnownFileType = sourcecode.swift; path = CreateNewEventDetail.swift; sourceTree = "<group>"; };
		0D33AB93282598DE00D34622 /* CreateNewEventModel.swift */ = {isa = PBXFileReference; lastKnownFileType = sourcecode.swift; path = CreateNewEventModel.swift; sourceTree = "<group>"; };
		0D33AB9F2825B6FB00D34622 /* ProfileView.swift */ = {isa = PBXFileReference; lastKnownFileType = sourcecode.swift; path = ProfileView.swift; sourceTree = "<group>"; };
		0D33ABA12826A43900D34622 /* AnimatedBlobView.swift */ = {isa = PBXFileReference; lastKnownFileType = sourcecode.swift; path = AnimatedBlobView.swift; sourceTree = "<group>"; };
		0D33ABA32826A46500D34622 /* HexagonView.swift */ = {isa = PBXFileReference; lastKnownFileType = sourcecode.swift; path = HexagonView.swift; sourceTree = "<group>"; };
		0D33ABA72826A99900D34622 /* ImagePicker.swift */ = {isa = PBXFileReference; lastKnownFileType = sourcecode.swift; path = ImagePicker.swift; sourceTree = "<group>"; };
		0D8CDF2A2826ADBB00E12370 /* ImageExtention.swift */ = {isa = PBXFileReference; lastKnownFileType = sourcecode.swift; path = ImageExtention.swift; sourceTree = "<group>"; };
		0D8CDF2C2826EB3A00E12370 /* ProfileButton.swift */ = {isa = PBXFileReference; lastKnownFileType = sourcecode.swift; path = ProfileButton.swift; sourceTree = "<group>"; };
		0D8CDF2E2826F6F800E12370 /* ProfileViewModel.swift */ = {isa = PBXFileReference; lastKnownFileType = sourcecode.swift; path = ProfileViewModel.swift; sourceTree = "<group>"; };
		0D8CDF302827FE6B00E12370 /* MockData.swift */ = {isa = PBXFileReference; lastKnownFileType = sourcecode.swift; path = MockData.swift; sourceTree = "<group>"; };
		0D8CDF322828169F00E12370 /* Profile.swift */ = {isa = PBXFileReference; lastKnownFileType = sourcecode.swift; path = Profile.swift; sourceTree = "<group>"; };
		0DC959D1282985C500B3989E /* EventService.swift */ = {isa = PBXFileReference; lastKnownFileType = sourcecode.swift; path = EventService.swift; sourceTree = "<group>"; };
		0DDDBD06281B00A000C49C90 /* AuthBackground.swift */ = {isa = PBXFileReference; lastKnownFileType = sourcecode.swift; path = AuthBackground.swift; sourceTree = "<group>"; };
		0DF2DB19281C62FE0027E8A6 /* AuthViewModel.swift */ = {isa = PBXFileReference; lastKnownFileType = sourcecode.swift; path = AuthViewModel.swift; sourceTree = "<group>"; };
		0DF67267281C4CFD00BE2AEF /* GoogleService-Info.plist */ = {isa = PBXFileReference; fileEncoding = 4; lastKnownFileType = text.plist.xml; path = "GoogleService-Info.plist"; sourceTree = "<group>"; };
/* End PBXFileReference section */

/* Begin PBXFrameworksBuildPhase section */
		0D22ED562819B1A700CE6DD8 /* Frameworks */ = {
			isa = PBXFrameworksBuildPhase;
			buildActionMask = 2147483647;
			files = (
				0D06067028230B18009DCF51 /* GoogleSignIn in Frameworks */,
				0DF2DB11281C52E20027E8A6 /* FirebaseDatabase in Frameworks */,
				0D8CDF35282818B600E12370 /* FirebaseFirestoreSwift-Beta in Frameworks */,
				0DF2DB0F281C52E20027E8A6 /* FirebaseAuth in Frameworks */,
				0DF2DB13281C52E20027E8A6 /* FirebaseFirestore in Frameworks */,
				0DF2DB16281C5F130027E8A6 /* FirebaseAuthCombine-Community in Frameworks */,
				0DC959CD282975ED00B3989E /* FirebaseDatabaseSwift-Beta in Frameworks */,
				0D33ABA62826A8AF00D34622 /* FirebaseStorage in Frameworks */,
			);
			runOnlyForDeploymentPostprocessing = 0;
		};
/* End PBXFrameworksBuildPhase section */

/* Begin PBXGroup section */
		0D06067228231086009DCF51 /* Home */ = {
			isa = PBXGroup;
			children = (
				0D060675282310B7009DCF51 /* HomeView.swift */,
				0D06067B2823D0C1009DCF51 /* HomeViewModel.swift */,
				0D272937282AE0A700D76429 /* Components */,
			);
			path = Home;
			sourceTree = "<group>";
		};
		0D06067D2823D3BA009DCF51 /* Navigation */ = {
			isa = PBXGroup;
			children = (
				0D0606812823E1BB009DCF51 /* Tabs.swift */,
			);
			path = Navigation;
			sourceTree = "<group>";
		};
		0D0606922824457D009DCF51 /* Extentions */ = {
			isa = PBXGroup;
			children = (
				0D06069328244595009DCF51 /* DateExtention.swift */,
				0D06067928231FD0009DCF51 /* ColorExtention.swift */,
				0D8CDF2A2826ADBB00E12370 /* ImageExtention.swift */,
				0D27293F282AF48500D76429 /* AnimateTextExtention.swift */,
			);
			path = Extentions;
			sourceTree = "<group>";
		};
		0D1351C9281ADE65009601AE /* Buttons */ = {
			isa = PBXGroup;
			children = (
				0D1351CA281ADE7A009601AE /* AuthMainButton.swift */,
				0D1351CC281AE1BB009601AE /* SignWithMedia.swift */,
				0D8CDF2C2826EB3A00E12370 /* ProfileButton.swift */,
			);
			path = Buttons;
			sourceTree = "<group>";
		};
		0D22ED502819B1A700CE6DD8 = {
			isa = PBXGroup;
			children = (
				0D22ED5B2819B1A700CE6DD8 /* EventHub */,
				0D22ED5A2819B1A700CE6DD8 /* Products */,
				0DF2DB14281C5F0B0027E8A6 /* Frameworks */,
			);
			sourceTree = "<group>";
		};
		0D22ED5A2819B1A700CE6DD8 /* Products */ = {
			isa = PBXGroup;
			children = (
				0D22ED592819B1A700CE6DD8 /* EventHub.app */,
			);
			name = Products;
			sourceTree = "<group>";
		};
		0D22ED5B2819B1A700CE6DD8 /* EventHub */ = {
			isa = PBXGroup;
			children = (
				0D06067128230B4C009DCF51 /* Info.plist */,
				0DF67267281C4CFD00BE2AEF /* GoogleService-Info.plist */,
				0D272935282ADFFA00D76429 /* App */,
				0D22ED6F2819B22800CE6DD8 /* Core */,
				0D22ED5C2819B1A700CE6DD8 /* EventHubApp.swift */,
				0D22ED5E2819B1A700CE6DD8 /* ContentView.swift */,
				0D22ED602819B1A900CE6DD8 /* Assets.xcassets */,
				0D22ED652819B1A900CE6DD8 /* Persistence.swift */,
				0D22ED672819B1A900CE6DD8 /* EventHub.xcdatamodeld */,
				0D22ED622819B1A900CE6DD8 /* Preview Content */,
			);
			path = EventHub;
			sourceTree = "<group>";
		};
		0D22ED622819B1A900CE6DD8 /* Preview Content */ = {
			isa = PBXGroup;
			children = (
				0D22ED632819B1A900CE6DD8 /* Preview Assets.xcassets */,
			);
			path = "Preview Content";
			sourceTree = "<group>";
		};
		0D22ED6F2819B22800CE6DD8 /* Core */ = {
			isa = PBXGroup;
			children = (
				0D0606922824457D009DCF51 /* Extentions */,
			);
			path = Core;
			sourceTree = "<group>";
		};
		0D22ED712819B23100CE6DD8 /* Auth */ = {
			isa = PBXGroup;
			children = (
				0DF2DB18281C62CE0027E8A6 /* ViewModel */,
				0DF2DB17281C62B00027E8A6 /* Views */,
			);
			path = Auth;
			sourceTree = "<group>";
		};
		0D22ED762819B77700CE6DD8 /* Styles */ = {
			isa = PBXGroup;
			children = (
				0D22ED772819B78500CE6DD8 /* StrokeStyle.swift */,
			);
			path = Styles;
			sourceTree = "<group>";
		};
		0D22ED792819B9B300CE6DD8 /* Components */ = {
			isa = PBXGroup;
			children = (
				0D1351C9281ADE65009601AE /* Buttons */,
				0D22ED7A2819B9C300CE6DD8 /* CustomField.swift */,
				0DDDBD06281B00A000C49C90 /* AuthBackground.swift */,
				0D33ABA12826A43900D34622 /* AnimatedBlobView.swift */,
				0D33ABA32826A46500D34622 /* HexagonView.swift */,
				0D33ABA72826A99900D34622 /* ImagePicker.swift */,
			);
			path = Components;
			sourceTree = "<group>";
		};
		0D272935282ADFFA00D76429 /* App */ = {
			isa = PBXGroup;
			children = (
				0D8CDF302827FE6B00E12370 /* MockData.swift */,
				0D06067D2823D3BA009DCF51 /* Navigation */,
				0D22ED762819B77700CE6DD8 /* Styles */,
				0D22ED792819B9B300CE6DD8 /* Components */,
				0DC959CE28297DC700B3989E /* Service */,
				0DDDBD08281B0CBB00C49C90 /* Models */,
				0D272936282AE05300D76429 /* Screens */,
			);
			path = App;
			sourceTree = "<group>";
		};
		0D272936282AE05300D76429 /* Screens */ = {
			isa = PBXGroup;
			children = (
				0D272939282AE26C00D76429 /* NewEvent */,
				0D272938282AE25200D76429 /* EventDetail */,
				0D22ED712819B23100CE6DD8 /* Auth */,
				0D33AB9C2825B6D400D34622 /* Profile */,
				0D06067228231086009DCF51 /* Home */,
			);
			path = Screens;
			sourceTree = "<group>";
		};
		0D272937282AE0A700D76429 /* Components */ = {
			isa = PBXGroup;
			children = (
				0D0606832823E2E7009DCF51 /* EventItemView.swift */,
			);
			path = Components;
			sourceTree = "<group>";
		};
		0D272938282AE25200D76429 /* EventDetail */ = {
			isa = PBXGroup;
			children = (
				0D06069028243B71009DCF51 /* EventDetailView.swift */,
			);
			path = EventDetail;
			sourceTree = "<group>";
		};
		0D272939282AE26C00D76429 /* NewEvent */ = {
			isa = PBXGroup;
			children = (
				0D33AB93282598DE00D34622 /* CreateNewEventModel.swift */,
				0D33AB91282597A300D34622 /* CreateNewEventDetail.swift */,
			);
			path = NewEvent;
			sourceTree = "<group>";
		};
		0D33AB9C2825B6D400D34622 /* Profile */ = {
			isa = PBXGroup;
			children = (
				0D33AB9F2825B6FB00D34622 /* ProfileView.swift */,
				0D8CDF2E2826F6F800E12370 /* ProfileViewModel.swift */,
			);
			path = Profile;
			sourceTree = "<group>";
		};
		0DC959CE28297DC700B3989E /* Service */ = {
			isa = PBXGroup;
			children = (
				0DC959D1282985C500B3989E /* EventService.swift */,
				0D272933282A7C7F00D76429 /* ProfileService.swift */,
			);
			path = Service;
			sourceTree = "<group>";
		};
		0DDDBD08281B0CBB00C49C90 /* Models */ = {
			isa = PBXGroup;
			children = (
				0D06067728231E01009DCF51 /* CategoriesModel.swift */,
				0D06068B2823F304009DCF51 /* Event.swift */,
				0D8CDF322828169F00E12370 /* Profile.swift */,
			);
			path = Models;
			sourceTree = "<group>";
		};
		0DF2DB14281C5F0B0027E8A6 /* Frameworks */ = {
			isa = PBXGroup;
			children = (
			);
			name = Frameworks;
			sourceTree = "<group>";
		};
		0DF2DB17281C62B00027E8A6 /* Views */ = {
			isa = PBXGroup;
			children = (
				0D1351D0281AEAB2009601AE /* ResetPassword.swift */,
				0D1351CE281AE9A3009601AE /* SignUpView.swift */,
				0D22ED742819B43300CE6DD8 /* SignInView.swift */,
				0D22ED722819B24000CE6DD8 /* InitView.swift */,
			);
			path = Views;
			sourceTree = "<group>";
		};
		0DF2DB18281C62CE0027E8A6 /* ViewModel */ = {
			isa = PBXGroup;
			children = (
				0DF2DB19281C62FE0027E8A6 /* AuthViewModel.swift */,
			);
			path = ViewModel;
			sourceTree = "<group>";
		};
/* End PBXGroup section */

/* Begin PBXNativeTarget section */
		0D22ED582819B1A700CE6DD8 /* EventHub */ = {
			isa = PBXNativeTarget;
			buildConfigurationList = 0D22ED6C2819B1A900CE6DD8 /* Build configuration list for PBXNativeTarget "EventHub" */;
			buildPhases = (
				0D22ED552819B1A700CE6DD8 /* Sources */,
				0D22ED562819B1A700CE6DD8 /* Frameworks */,
				0D22ED572819B1A700CE6DD8 /* Resources */,
			);
			buildRules = (
			);
			dependencies = (
			);
			name = EventHub;
			packageProductDependencies = (
				0DF2DB0E281C52E20027E8A6 /* FirebaseAuth */,
				0DF2DB10281C52E20027E8A6 /* FirebaseDatabase */,
				0DF2DB12281C52E20027E8A6 /* FirebaseFirestore */,
				0DF2DB15281C5F130027E8A6 /* FirebaseAuthCombine-Community */,
				0D06066F28230B18009DCF51 /* GoogleSignIn */,
				0D33ABA52826A8AF00D34622 /* FirebaseStorage */,
				0D8CDF34282818B600E12370 /* FirebaseFirestoreSwift-Beta */,
				0DC959CC282975ED00B3989E /* FirebaseDatabaseSwift-Beta */,
			);
			productName = EventHub;
			productReference = 0D22ED592819B1A700CE6DD8 /* EventHub.app */;
			productType = "com.apple.product-type.application";
		};
/* End PBXNativeTarget section */

/* Begin PBXProject section */
		0D22ED512819B1A700CE6DD8 /* Project object */ = {
			isa = PBXProject;
			attributes = {
				BuildIndependentTargetsInParallel = 1;
				LastSwiftUpdateCheck = 1330;
				LastUpgradeCheck = 1330;
				TargetAttributes = {
					0D22ED582819B1A700CE6DD8 = {
						CreatedOnToolsVersion = 13.3;
					};
				};
			};
			buildConfigurationList = 0D22ED542819B1A700CE6DD8 /* Build configuration list for PBXProject "EventHub" */;
			compatibilityVersion = "Xcode 13.0";
			developmentRegion = en;
			hasScannedForEncodings = 0;
			knownRegions = (
				en,
				Base,
			);
			mainGroup = 0D22ED502819B1A700CE6DD8;
			packageReferences = (
				0DF2DB0D281C52E20027E8A6 /* XCRemoteSwiftPackageReference "firebase-ios-sdk" */,
				0D06066E28230B18009DCF51 /* XCRemoteSwiftPackageReference "GoogleSignIn-iOS" */,
			);
			productRefGroup = 0D22ED5A2819B1A700CE6DD8 /* Products */;
			projectDirPath = "";
			projectRoot = "";
			targets = (
				0D22ED582819B1A700CE6DD8 /* EventHub */,
			);
		};
/* End PBXProject section */

/* Begin PBXResourcesBuildPhase section */
		0D22ED572819B1A700CE6DD8 /* Resources */ = {
			isa = PBXResourcesBuildPhase;
			buildActionMask = 2147483647;
			files = (
				0D22ED642819B1A900CE6DD8 /* Preview Assets.xcassets in Resources */,
				0D22ED612819B1A900CE6DD8 /* Assets.xcassets in Resources */,
				0DF67268281C4CFD00BE2AEF /* GoogleService-Info.plist in Resources */,
			);
			runOnlyForDeploymentPostprocessing = 0;
		};
/* End PBXResourcesBuildPhase section */

/* Begin PBXSourcesBuildPhase section */
		0D22ED552819B1A700CE6DD8 /* Sources */ = {
			isa = PBXSourcesBuildPhase;
			buildActionMask = 2147483647;
			files = (
				0D06067A28231FD0009DCF51 /* ColorExtention.swift in Sources */,
				0D33AB92282597A300D34622 /* CreateNewEventDetail.swift in Sources */,
				0D272940282AF48500D76429 /* AnimateTextExtention.swift in Sources */,
				0D8CDF2D2826EB3A00E12370 /* ProfileButton.swift in Sources */,
				0D1351D1281AEAB2009601AE /* ResetPassword.swift in Sources */,
				0D06068C2823F304009DCF51 /* Event.swift in Sources */,
				0D33AB94282598DE00D34622 /* CreateNewEventModel.swift in Sources */,
				0DC959D2282985C500B3989E /* EventService.swift in Sources */,
				0D22ED752819B43300CE6DD8 /* SignInView.swift in Sources */,
				0D0606822823E1BB009DCF51 /* Tabs.swift in Sources */,
				0D8CDF2F2826F6F800E12370 /* ProfileViewModel.swift in Sources */,
				0D22ED662819B1A900CE6DD8 /* Persistence.swift in Sources */,
				0D33ABA22826A43900D34622 /* AnimatedBlobView.swift in Sources */,
				0D06067C2823D0C1009DCF51 /* HomeViewModel.swift in Sources */,
				0D33ABA42826A46500D34622 /* HexagonView.swift in Sources */,
				0D06069128243B71009DCF51 /* EventDetailView.swift in Sources */,
				0DDDBD07281B00A000C49C90 /* AuthBackground.swift in Sources */,
				0D33ABA02825B6FB00D34622 /* ProfileView.swift in Sources */,
				0D22ED5F2819B1A700CE6DD8 /* ContentView.swift in Sources */,
				0D8CDF2B2826ADBB00E12370 /* ImageExtention.swift in Sources */,
				0D8CDF312827FE6B00E12370 /* MockData.swift in Sources */,
				0DF2DB1A281C62FE0027E8A6 /* AuthViewModel.swift in Sources */,
				0D22ED7B2819B9C300CE6DD8 /* CustomField.swift in Sources */,
				0D1351CB281ADE7A009601AE /* AuthMainButton.swift in Sources */,
				0D0606842823E2E7009DCF51 /* EventItemView.swift in Sources */,
				0D8CDF332828169F00E12370 /* Profile.swift in Sources */,
				0D1351CF281AE9A3009601AE /* SignUpView.swift in Sources */,
				0D06069428244596009DCF51 /* DateExtention.swift in Sources */,
				0D33ABA82826A99900D34622 /* ImagePicker.swift in Sources */,
				0D22ED782819B78500CE6DD8 /* StrokeStyle.swift in Sources */,
				0D22ED692819B1A900CE6DD8 /* EventHub.xcdatamodeld in Sources */,
				0D22ED732819B24000CE6DD8 /* InitView.swift in Sources */,
				0D272934282A7C7F00D76429 /* ProfileService.swift in Sources */,
				0D060676282310B7009DCF51 /* HomeView.swift in Sources */,
				0D06067828231E01009DCF51 /* CategoriesModel.swift in Sources */,
				0D22ED5D2819B1A700CE6DD8 /* EventHubApp.swift in Sources */,
				0D1351CD281AE1BB009601AE /* SignWithMedia.swift in Sources */,
			);
			runOnlyForDeploymentPostprocessing = 0;
		};
/* End PBXSourcesBuildPhase section */

/* Begin XCBuildConfiguration section */
		0D22ED6A2819B1A900CE6DD8 /* Debug */ = {
			isa = XCBuildConfiguration;
			buildSettings = {
				ALWAYS_SEARCH_USER_PATHS = NO;
				CLANG_ANALYZER_NONNULL = YES;
				CLANG_ANALYZER_NUMBER_OBJECT_CONVERSION = YES_AGGRESSIVE;
				CLANG_CXX_LANGUAGE_STANDARD = "gnu++17";
				CLANG_ENABLE_MODULES = YES;
				CLANG_ENABLE_OBJC_ARC = YES;
				CLANG_ENABLE_OBJC_WEAK = YES;
				CLANG_WARN_BLOCK_CAPTURE_AUTORELEASING = YES;
				CLANG_WARN_BOOL_CONVERSION = YES;
				CLANG_WARN_COMMA = YES;
				CLANG_WARN_CONSTANT_CONVERSION = YES;
				CLANG_WARN_DEPRECATED_OBJC_IMPLEMENTATIONS = YES;
				CLANG_WARN_DIRECT_OBJC_ISA_USAGE = YES_ERROR;
				CLANG_WARN_DOCUMENTATION_COMMENTS = YES;
				CLANG_WARN_EMPTY_BODY = YES;
				CLANG_WARN_ENUM_CONVERSION = YES;
				CLANG_WARN_INFINITE_RECURSION = YES;
				CLANG_WARN_INT_CONVERSION = YES;
				CLANG_WARN_NON_LITERAL_NULL_CONVERSION = YES;
				CLANG_WARN_OBJC_IMPLICIT_RETAIN_SELF = YES;
				CLANG_WARN_OBJC_LITERAL_CONVERSION = YES;
				CLANG_WARN_OBJC_ROOT_CLASS = YES_ERROR;
				CLANG_WARN_QUOTED_INCLUDE_IN_FRAMEWORK_HEADER = YES;
				CLANG_WARN_RANGE_LOOP_ANALYSIS = YES;
				CLANG_WARN_STRICT_PROTOTYPES = YES;
				CLANG_WARN_SUSPICIOUS_MOVE = YES;
				CLANG_WARN_UNGUARDED_AVAILABILITY = YES_AGGRESSIVE;
				CLANG_WARN_UNREACHABLE_CODE = YES;
				CLANG_WARN__DUPLICATE_METHOD_MATCH = YES;
				COPY_PHASE_STRIP = NO;
				DEBUG_INFORMATION_FORMAT = dwarf;
				ENABLE_STRICT_OBJC_MSGSEND = YES;
				ENABLE_TESTABILITY = YES;
				GCC_C_LANGUAGE_STANDARD = gnu11;
				GCC_DYNAMIC_NO_PIC = NO;
				GCC_NO_COMMON_BLOCKS = YES;
				GCC_OPTIMIZATION_LEVEL = 0;
				GCC_PREPROCESSOR_DEFINITIONS = (
					"DEBUG=1",
					"$(inherited)",
				);
				GCC_WARN_64_TO_32_BIT_CONVERSION = YES;
				GCC_WARN_ABOUT_RETURN_TYPE = YES_ERROR;
				GCC_WARN_UNDECLARED_SELECTOR = YES;
				GCC_WARN_UNINITIALIZED_AUTOS = YES_AGGRESSIVE;
				GCC_WARN_UNUSED_FUNCTION = YES;
				GCC_WARN_UNUSED_VARIABLE = YES;
				IPHONEOS_DEPLOYMENT_TARGET = 15.4;
				MTL_ENABLE_DEBUG_INFO = INCLUDE_SOURCE;
				MTL_FAST_MATH = YES;
				ONLY_ACTIVE_ARCH = YES;
				SDKROOT = iphoneos;
				SWIFT_ACTIVE_COMPILATION_CONDITIONS = DEBUG;
				SWIFT_OPTIMIZATION_LEVEL = "-Onone";
			};
			name = Debug;
		};
		0D22ED6B2819B1A900CE6DD8 /* Release */ = {
			isa = XCBuildConfiguration;
			buildSettings = {
				ALWAYS_SEARCH_USER_PATHS = NO;
				CLANG_ANALYZER_NONNULL = YES;
				CLANG_ANALYZER_NUMBER_OBJECT_CONVERSION = YES_AGGRESSIVE;
				CLANG_CXX_LANGUAGE_STANDARD = "gnu++17";
				CLANG_ENABLE_MODULES = YES;
				CLANG_ENABLE_OBJC_ARC = YES;
				CLANG_ENABLE_OBJC_WEAK = YES;
				CLANG_WARN_BLOCK_CAPTURE_AUTORELEASING = YES;
				CLANG_WARN_BOOL_CONVERSION = YES;
				CLANG_WARN_COMMA = YES;
				CLANG_WARN_CONSTANT_CONVERSION = YES;
				CLANG_WARN_DEPRECATED_OBJC_IMPLEMENTATIONS = YES;
				CLANG_WARN_DIRECT_OBJC_ISA_USAGE = YES_ERROR;
				CLANG_WARN_DOCUMENTATION_COMMENTS = YES;
				CLANG_WARN_EMPTY_BODY = YES;
				CLANG_WARN_ENUM_CONVERSION = YES;
				CLANG_WARN_INFINITE_RECURSION = YES;
				CLANG_WARN_INT_CONVERSION = YES;
				CLANG_WARN_NON_LITERAL_NULL_CONVERSION = YES;
				CLANG_WARN_OBJC_IMPLICIT_RETAIN_SELF = YES;
				CLANG_WARN_OBJC_LITERAL_CONVERSION = YES;
				CLANG_WARN_OBJC_ROOT_CLASS = YES_ERROR;
				CLANG_WARN_QUOTED_INCLUDE_IN_FRAMEWORK_HEADER = YES;
				CLANG_WARN_RANGE_LOOP_ANALYSIS = YES;
				CLANG_WARN_STRICT_PROTOTYPES = YES;
				CLANG_WARN_SUSPICIOUS_MOVE = YES;
				CLANG_WARN_UNGUARDED_AVAILABILITY = YES_AGGRESSIVE;
				CLANG_WARN_UNREACHABLE_CODE = YES;
				CLANG_WARN__DUPLICATE_METHOD_MATCH = YES;
				COPY_PHASE_STRIP = NO;
				DEBUG_INFORMATION_FORMAT = "dwarf-with-dsym";
				ENABLE_NS_ASSERTIONS = NO;
				ENABLE_STRICT_OBJC_MSGSEND = YES;
				GCC_C_LANGUAGE_STANDARD = gnu11;
				GCC_NO_COMMON_BLOCKS = YES;
				GCC_WARN_64_TO_32_BIT_CONVERSION = YES;
				GCC_WARN_ABOUT_RETURN_TYPE = YES_ERROR;
				GCC_WARN_UNDECLARED_SELECTOR = YES;
				GCC_WARN_UNINITIALIZED_AUTOS = YES_AGGRESSIVE;
				GCC_WARN_UNUSED_FUNCTION = YES;
				GCC_WARN_UNUSED_VARIABLE = YES;
				IPHONEOS_DEPLOYMENT_TARGET = 15.4;
				MTL_ENABLE_DEBUG_INFO = NO;
				MTL_FAST_MATH = YES;
				SDKROOT = iphoneos;
				SWIFT_COMPILATION_MODE = wholemodule;
				SWIFT_OPTIMIZATION_LEVEL = "-O";
				VALIDATE_PRODUCT = YES;
			};
			name = Release;
		};
		0D22ED6D2819B1A900CE6DD8 /* Debug */ = {
			isa = XCBuildConfiguration;
			buildSettings = {
				ASSETCATALOG_COMPILER_APPICON_NAME = AppIcon;
				ASSETCATALOG_COMPILER_GLOBAL_ACCENT_COLOR_NAME = AccentColor;
				CODE_SIGN_STYLE = Automatic;
				CURRENT_PROJECT_VERSION = 1;
				DEVELOPMENT_ASSET_PATHS = "\"EventHub/Preview Content\"";
				DEVELOPMENT_TEAM = K4B335LMWX;
				ENABLE_PREVIEWS = YES;
				GENERATE_INFOPLIST_FILE = YES;
				INFOPLIST_FILE = EventHub/Info.plist;
				INFOPLIST_KEY_NSCameraUsageDescription = "You can create photo for your event";
				INFOPLIST_KEY_UIApplicationSceneManifest_Generation = YES;
				INFOPLIST_KEY_UIApplicationSupportsIndirectInputEvents = YES;
				INFOPLIST_KEY_UILaunchScreen_Generation = YES;
				INFOPLIST_KEY_UISupportedInterfaceOrientations_iPad = "UIInterfaceOrientationPortrait UIInterfaceOrientationPortraitUpsideDown UIInterfaceOrientationLandscapeLeft UIInterfaceOrientationLandscapeRight";
				INFOPLIST_KEY_UISupportedInterfaceOrientations_iPhone = "UIInterfaceOrientationPortrait UIInterfaceOrientationLandscapeLeft UIInterfaceOrientationLandscapeRight";
				IPHONEOS_DEPLOYMENT_TARGET = 15.0;
				LD_RUNPATH_SEARCH_PATHS = (
					"$(inherited)",
					"@executable_path/Frameworks",
				);
				MARKETING_VERSION = 1.0;
				PRODUCT_BUNDLE_IDENTIFIER = Brotsky.EventHub;
				PRODUCT_NAME = "$(TARGET_NAME)";
				SWIFT_EMIT_LOC_STRINGS = YES;
				SWIFT_VERSION = 5.0;
				TARGETED_DEVICE_FAMILY = "1,2";
			};
			name = Debug;
		};
		0D22ED6E2819B1A900CE6DD8 /* Release */ = {
			isa = XCBuildConfiguration;
			buildSettings = {
				ASSETCATALOG_COMPILER_APPICON_NAME = AppIcon;
				ASSETCATALOG_COMPILER_GLOBAL_ACCENT_COLOR_NAME = AccentColor;
				CODE_SIGN_STYLE = Automatic;
				CURRENT_PROJECT_VERSION = 1;
				DEVELOPMENT_ASSET_PATHS = "\"EventHub/Preview Content\"";
				DEVELOPMENT_TEAM = K4B335LMWX;
				ENABLE_PREVIEWS = YES;
				GENERATE_INFOPLIST_FILE = YES;
				INFOPLIST_FILE = EventHub/Info.plist;
				INFOPLIST_KEY_NSCameraUsageDescription = "You can create photo for your event";
				INFOPLIST_KEY_UIApplicationSceneManifest_Generation = YES;
				INFOPLIST_KEY_UIApplicationSupportsIndirectInputEvents = YES;
				INFOPLIST_KEY_UILaunchScreen_Generation = YES;
				INFOPLIST_KEY_UISupportedInterfaceOrientations_iPad = "UIInterfaceOrientationPortrait UIInterfaceOrientationPortraitUpsideDown UIInterfaceOrientationLandscapeLeft UIInterfaceOrientationLandscapeRight";
				INFOPLIST_KEY_UISupportedInterfaceOrientations_iPhone = "UIInterfaceOrientationPortrait UIInterfaceOrientationLandscapeLeft UIInterfaceOrientationLandscapeRight";
				IPHONEOS_DEPLOYMENT_TARGET = 15.0;
				LD_RUNPATH_SEARCH_PATHS = (
					"$(inherited)",
					"@executable_path/Frameworks",
				);
				MARKETING_VERSION = 1.0;
				PRODUCT_BUNDLE_IDENTIFIER = Brotsky.EventHub;
				PRODUCT_NAME = "$(TARGET_NAME)";
				SWIFT_EMIT_LOC_STRINGS = YES;
				SWIFT_VERSION = 5.0;
				TARGETED_DEVICE_FAMILY = "1,2";
			};
			name = Release;
		};
/* End XCBuildConfiguration section */

/* Begin XCConfigurationList section */
		0D22ED542819B1A700CE6DD8 /* Build configuration list for PBXProject "EventHub" */ = {
			isa = XCConfigurationList;
			buildConfigurations = (
				0D22ED6A2819B1A900CE6DD8 /* Debug */,
				0D22ED6B2819B1A900CE6DD8 /* Release */,
			);
			defaultConfigurationIsVisible = 0;
			defaultConfigurationName = Release;
		};
		0D22ED6C2819B1A900CE6DD8 /* Build configuration list for PBXNativeTarget "EventHub" */ = {
			isa = XCConfigurationList;
			buildConfigurations = (
				0D22ED6D2819B1A900CE6DD8 /* Debug */,
				0D22ED6E2819B1A900CE6DD8 /* Release */,
			);
			defaultConfigurationIsVisible = 0;
			defaultConfigurationName = Release;
		};
/* End XCConfigurationList section */

/* Begin XCRemoteSwiftPackageReference section */
		0D06066E28230B18009DCF51 /* XCRemoteSwiftPackageReference "GoogleSignIn-iOS" */ = {
			isa = XCRemoteSwiftPackageReference;
			repositoryURL = "https://github.com/google/GoogleSignIn-iOS.git";
			requirement = {
				kind = upToNextMajorVersion;
				minimumVersion = 6.0.0;
			};
		};
		0DF2DB0D281C52E20027E8A6 /* XCRemoteSwiftPackageReference "firebase-ios-sdk" */ = {
			isa = XCRemoteSwiftPackageReference;
			repositoryURL = "https://github.com/firebase/firebase-ios-sdk";
			requirement = {
				kind = upToNextMajorVersion;
				minimumVersion = 8.0.0;
			};
		};
/* End XCRemoteSwiftPackageReference section */

/* Begin XCSwiftPackageProductDependency section */
		0D06066F28230B18009DCF51 /* GoogleSignIn */ = {
			isa = XCSwiftPackageProductDependency;
			package = 0D06066E28230B18009DCF51 /* XCRemoteSwiftPackageReference "GoogleSignIn-iOS" */;
			productName = GoogleSignIn;
		};
		0D33ABA52826A8AF00D34622 /* FirebaseStorage */ = {
			isa = XCSwiftPackageProductDependency;
			package = 0DF2DB0D281C52E20027E8A6 /* XCRemoteSwiftPackageReference "firebase-ios-sdk" */;
			productName = FirebaseStorage;
		};
		0D8CDF34282818B600E12370 /* FirebaseFirestoreSwift-Beta */ = {
			isa = XCSwiftPackageProductDependency;
			package = 0DF2DB0D281C52E20027E8A6 /* XCRemoteSwiftPackageReference "firebase-ios-sdk" */;
			productName = "FirebaseFirestoreSwift-Beta";
		};
		0DC959CC282975ED00B3989E /* FirebaseDatabaseSwift-Beta */ = {
			isa = XCSwiftPackageProductDependency;
			package = 0DF2DB0D281C52E20027E8A6 /* XCRemoteSwiftPackageReference "firebase-ios-sdk" */;
			productName = "FirebaseDatabaseSwift-Beta";
		};
		0DF2DB0E281C52E20027E8A6 /* FirebaseAuth */ = {
			isa = XCSwiftPackageProductDependency;
			package = 0DF2DB0D281C52E20027E8A6 /* XCRemoteSwiftPackageReference "firebase-ios-sdk" */;
			productName = FirebaseAuth;
		};
		0DF2DB10281C52E20027E8A6 /* FirebaseDatabase */ = {
			isa = XCSwiftPackageProductDependency;
			package = 0DF2DB0D281C52E20027E8A6 /* XCRemoteSwiftPackageReference "firebase-ios-sdk" */;
			productName = FirebaseDatabase;
		};
		0DF2DB12281C52E20027E8A6 /* FirebaseFirestore */ = {
			isa = XCSwiftPackageProductDependency;
			package = 0DF2DB0D281C52E20027E8A6 /* XCRemoteSwiftPackageReference "firebase-ios-sdk" */;
			productName = FirebaseFirestore;
		};
		0DF2DB15281C5F130027E8A6 /* FirebaseAuthCombine-Community */ = {
			isa = XCSwiftPackageProductDependency;
			package = 0DF2DB0D281C52E20027E8A6 /* XCRemoteSwiftPackageReference "firebase-ios-sdk" */;
			productName = "FirebaseAuthCombine-Community";
		};
/* End XCSwiftPackageProductDependency section */

/* Begin XCVersionGroup section */
		0D22ED672819B1A900CE6DD8 /* EventHub.xcdatamodeld */ = {
			isa = XCVersionGroup;
			children = (
				0D22ED682819B1A900CE6DD8 /* EventHub.xcdatamodel */,
			);
			currentVersion = 0D22ED682819B1A900CE6DD8 /* EventHub.xcdatamodel */;
			path = EventHub.xcdatamodeld;
			sourceTree = "<group>";
			versionGroupType = wrapper.xcdatamodel;
		};
/* End XCVersionGroup section */
	};
	rootObject = 0D22ED512819B1A700CE6DD8 /* Project object */;
}
